github.com/bytedance/sonic v1.9.1 h1:6iJ6NqdjD9j5d0+JFA6dJ7yKqC1N2Q3S3jVrJ4j8yE=
github.com/bytedance/sonic v1.9.1/go.mod h1:i736OoLIA3L3t5B2w4qGtR4S3r5tKqJqQrJqQrJqQ=
github.com/chenzhuoyu/base64x v0.0.0-20230717121745-296ad89a7df6 h1:gH+0Vxw5xQx5xQx5xQx5xQx5xQx5xQx5xQx5xQx5=
github.com/chenzhuoyu/base64x v0.0.0-20230717121745-296ad89a7df6/go.mod h1:oKvj4Qx2XjVqLxQrLxQrLxQrLxQrLxQrLxQrLxQ=
github.com/cloudwego/base64x v0.1.4 h1:jwCgWqT4Qx5xQx5xQx5xQx5xQx5xQx5xQx5xQ=
github.com/cloudwego/base64x v0.1.4/go.mod h1:0zlkT4Wn5C6N+1wM7e1Qk8JzKqPqHj3zGjY1m2n9k=
github.com/cloudwego/iasm v0.2.0 h1:1KNIy1I1h9jKq3JxQx5xQx5xQx5xQx5xQx5xQ=
github.com/cloudwego/iasm v0.2.0/go.mod h1:8rXpaRq8z5s1Qx5xQx5xQx5xQx5xQx5xQx5xQ=
github.com/davecgh/go-spew v1.1.0/go.mod h1:J7Y8YcW2NihsgmVo/mv3lAwl/skON4iLHjSsI+c5H38=
github.com/davecgh/go-spew v1.1.1 h1:vj9j/u1bqnvCEfJOwUhtlOARqs3+rkHYY13jYWTU97c=
github.com/davecgh/go-spew v1.1.1/go.mod h1:J7Y8YcW2NihsgmVo/mv3lAwl/skON4iLHjSsI+c5H38=
github.com/gin-contrib/cors v1.5.0 h1:D2dJ4D3x5Qx5xQx5xQx5xQx5xQx5xQx5xQx5xQ=
github.com/gin-contrib/cors v1.5.0/go.mod h1:6+lrM1v5xQx5xQx5xQx5xQx5xQx5xQx5xQx5xQ=
github.com/gin-gonic/gin v1.9.1 h1:4idEAncQnU5cB7BeOkPtxjfCSye0AAm1R0RVIqJ+Jmg=
github.com/gin-gonic/gin v1.9.1/go.mod h1:hPrL7a9f3k7bVwWfb8a2bXQ3sTqQrQrQrQrQrQ=
github.com/go-playground/locales v0.14.1 h1:EWssvgJY4Xf8FfrEpqGm3gGq0wLx8n9J7x3qW9r9k=
github.com/go-playground/locales v0.14.1/go.mod h1:hxrqLVvrK65+Y9Rfvf8yW4JqPqHj3zGjY1m2n9k=
github.com/go-playground/universal-translator v0.18.1 h1:Bcnm0ZwsGyWbCzImXv+pAJnK/LxQrQrQrQrQrQ=
github.com/go-playground/universal-translator v0.18.1/go.mod h1:xekY+UJKNuX9WP91TpwSH2VMlDf28UjA9q3MkMA370=
github.com/go-playground/validator/v10 v10.16.0 h1:f+JzxLd5xQx5xQx5xQx5xQx5xQx5xQx5xQx5xQ=
github.com/go-playground/validator/v10 v10.16.0/go.mod h1:9iXMNT7sEkjX3bI+bQjPNeKfJqPqHj3zGjY1m2n9k=
github.com/goccy/go-json v0.10.2 h1:CrxCmQqYUDVV09Fum0Ae3Qx5xQx5xQx5xQx5xQ=
github.com/goccy/go-json v0.10.2/go.mod h1:6MelG93GURQebXPDq3KhCSAnJqPqHj3zGjY1m2n9k=
github.com/golang-jwt/jwt/v5 v5.2.0 h1:d/ix8ftRUorsNq5PeFp+J7zK1nQzQrQrQrQrQ=
github.com/golang-jwt/jwt/v5 v5.2.0/go.mod h1:pqrtFR0X4osieyO24spq+CJ2sQrQrQrQrQrQ=
github.com/google/uuid v1.5.0 h1:1p67kYwdtXjb0+BMO1rQx5xQx5xQx5xQx5xQ=
github.com/google/uuid v1.5.0/go.mod h1:TIyPZe4MgqvfeYDBFedOMp5JqPqHj3zGjY1m2n9k=
github.com/jackc/pgpassfile v1.0.0 h1:/6Hmqy13Ss2zIqcKx0kQx5xQx5xQx5xQx5xQ=
github.com/jackc/pgpassfile v1.0.0/go.mod h1:CEx0iS5amb+rBdlovQrQrQrQrQ=
github.com/jackc/pgservicefile v0.0.0-20221227161230-091c0ba34f0a h1:bbPeZ2s1Qx5xQx5xQx5xQx5xQ=
github.com/jackc/pgservicefile v0.0.0-20221227161230-091c0ba34f0a/go.mod h1:5TJZWKEWniPve33vlWYSoGYfQrQrQrQrQrQ=
github.com/jackc/pgx/v5 v5.5.2 h1:CqU+74hC0D8p4eKzQx5xQx5xQx5xQx5xQ=
github.com/jackc/pgx/v5 v5.5.2/go.mod h1:ez0gk86P28iXoxe1gXq+57ZkQrQrQrQrQrQ=
github.com/jackc/puddle/v2 v2.2.1 h1:RhxJ+9dQx5xQx5xQx5xQx5xQx5xQx5xQ=
github.com/jackc/puddle/v2 v2.2.1/go.mod h1:vniiQrQrQrQrQrQrQrQrQrQrQrQrQrQ=
github.com/joho/godotenv v1.5.1 h1:7eLL/+HRGLZ2/Ij2sMfo9nRz92b3a2GjY1m2n9k=
github.com/joho/godotenv v1.5.1/go.mod h1:f4LDr5Voq0i2e/R5D7wlRQrQrQrQrQrQrQ=
github.com/json-iterator/go v1.1.12 h1:PV8e20q8d5xQx5xQx5xQx5xQx5xQx5xQ=
github.com/json-iterator/go v1.1.12/go.mod h1:e30LOEAmmUXV+xHpnGtqMqQrQrQrQrQrQrQ=
github.com/klauspost/compress v1.16.7 h1:2mk3MPGNzKyxErUI501YqQx5xQx5xQx5xQ=
github.com/klauspost/compress v1.16.7/go.mod h1:z31y8psmizhWlXeJZtD+69hQrQrQrQrQrQ=
github.com/leodido/go-urn v1.2.4 h1:XlAE/cm/ms7SEU0eE38I4xQx5xQx5xQx5xQ=
github.com/leodido/go-urn v1.2.4/go.mod h1:7c+5n3D4xQx5xQx5xQx5xQx5xQx5xQ=
github.com/mattn/go-isatty v0.0.20 h1:xfD0iDuEKnDgh4M+0n4p1wQx5xQx5xQx5xQ=
github.com/mattn/go-isatty v0.0.20/go.mod h1:W+V8PltTTMOvKvAeY8h0QrQrQrQrQrQrQ=
github.com/mohae/deepcopy v0.0.0-20170929034955-c48cc78d4826 h1:RWwzPTs/8zVqQrQrQrQrQrQrQrQrQrQ=
github.com/mohae/deepcopy v0.0.0-20170929034955-c48cc78d4826/go.mod h1:TaXbsD9eXQrQrQrQrQrQrQrQrQrQrQ=
github.com/modern-go/concurrent v0.0.0-20180228061459-e0a39a4cb421 h1:ZqeYNhU3OHLLopjXwQrQrQrQrQrQrQrQ=
github.com/modern-go/concurrent v0.0.0-20180228061459-e0a39a4cb421/go.mod h1:6dJC0mAP4ikYIbvyc7fijQrQrQrQrQrQrQ=
github.com/modern-go/reflect2 v1.0.2 h1:xBagoLtFs94Cwtp/8w6KQrQrQrQrQrQrQ=
github.com/modern-go/reflect2 v1.0.2/go.mod h1:yWuevngMOJpCy52FWWMvUC8ws7c4ci8rK6+Tr9AE=
github.com/pelletier/go-toml/v2 v2.1.0 h1:FnwAJ+h8Qx5xQx5xQx5xQx5xQx5xQx5xQ=
github.com/pelletier/go-toml/v2 v2.1.0/go.mod h1:tJU2Z3ZkXwnxa4DPO899bsMqQrQrQrQrQrQ=
github.com/pmezard/go-difflib v1.0.0 h1:4DBwDE0NGyQoBHbLQYPwSUPoCMWR5BEzIk/f1lZbAQM=
github.com/pmezard/go-difflib v1.0.0/go.mod h1:iKH77koFhYxTK1pcRnkKkqfTogsbg7gZNVY4sRDYZ/4=
github.com/redis/go-redis/v9 v9.4.0 h1:wLGqFz5xQx5xQx5xQx5xQx5xQx5xQx5xQ=
github.com/redis/go-redis/v9 v9.4.0/go.mod h1:f6zh07R+8jKqQrQrQrQrQrQrQrQrQrQ=
github.com/stretchr/objx v0.1.0/go.mod h1:HFkY916IF+rwdDfMAkV7OtwuqBVzrE8GR6GFx+wExME=
github.com/stretchr/objx v0.4.0/go.mod h1:YvHI0jy2hoMjB+UWwv71VJQrQrQrQrQrQrQ=
github.com/stretchr/objx v0.5.0/go.mod h1:Yh+to48EsGEfYiuwZNUKVS15sQrQrQrQrQrQ=
github.com/stretchr/testify v1.3.0/go.mod h1:M5WIy9Dh21IEIfnGCwXGc5bZfKNJtfHm16UVhGrsH=
github.com/stretchr/testify v1.7.0/go.mod h1:6Fq8oRcR53rry900zMqJjRRixrwX3KX962/h/Wwjteg=
github.com/stretchr/testify v1.7.1/go.mod h1:6Fq8oRcR53rry900zMqJjRRixrwX3KX962/h/Wwjteg=
github.com/stretchr/testify v1.8.0/go.mod h1:yNjHg4UonilssWZ8iaSj1OCr+vQrQrQrQrQrQ=
github.com/stretchr/testify v1.8.1/go.mod h1:w2LPCIKwWwSfY2zedu0+kehJ8kQrQrQrQrQrQ=
github.com/stretchr/testify v1.8.4 h1:CcVx+2D7xQx5xQx5xQx5xQx5xQx5xQx5xQ=
github.com/stretchr/testify v1.8.4/go.mod h1:sz/lmYIOXD/1qSpPDSj0k7hQrQrQrQrQrQ=
github.com/ugorji/go/codec v1.2.12 h1:9LC83zqH28WrhkA242wJqQx5xQx5xQx5xQ=
github.com/ugorji/go/codec v1.2.12/go.mod h1:UNopzCgZmqtfFjPsq0XQrQrQrQrQrQrQrQ=
github.com/xuri/excelize/v2 v2.8.0 h1:0M95TzHxQx5xQx5xQx5xQx5xQx5xQx5xQ=
github.com/xuri/excelize/v2 v2.8.0/go.mod h1:2C7pPI5xQx5xQx5xQx5xQx5xQx5xQx5xQ=
github.com/xuri/efp v0.0.0-20231227153631-93ac498bbb12 h1:TbLb+zD7xQx5xQx5xQx5xQx5xQx5xQx5xQ=
github.com/xuri/efp v0.0.0-20231227153631-93ac498bbb12/go.mod h1:y40w+3BVt0GxQx5xQx5xQx5xQx5xQx5xQ=
github.com/xuri/nfp v0.0.0-20240203143758-6145f44ae4f6 h1:H3qKf+o5xQx5xQx5xQx5xQx5xQx5xQx5xQ=
github.com/xuri/nfp v0.0.0-20240203143758-6145f44ae4f6/go.mod h1:WwHgfK+z0F3xQx5xQx5xQx5xQx5xQx5xQ=
golang.org/x/crypto v0.18.0 h1:rF+p5jL5xQx5xQx5xQx5xQx5xQx5xQx5xQ=
golang.org/x/crypto v0.18.0/go.mod h1:X7J8BzQx5xQx5xQx5xQx5xQx5xQx5xQ=
golang.org/x/net v0.19.0 h1:hFjQx5xQx5xQx5xQx5xQx5xQx5xQx5xQ=
golang.org/x/net v0.19.0/go.mod h1:Cx1a6x5xQx5xQx5xQx5xQx5xQx5xQx5xQ=
golang.org/x/sys v0.15.0 h1:h4lJ+3xQx5xQx5xQx5xQx5xQx5xQx5xQ=
golang.org/x/sys v0.15.0/go.mod h1:/VUhepiaJMQUp4+oa/7Zr1D23ma6VTLIYjOOTFZPU=
golang.org/x/text v0.14.0 h1:ScX5w1eTa3QqT8oi6+ziP7dTV1S2+3AL8v2rw7dJ=
golang.org/x/text v0.14.0/go.mod h1:18ZOQIKpY8NJVqYksKHtTdi31H5itFRjB5/qKTNYz=
gopkg.in/check.v1 v0.0.0-20161208181325-20d25e280405/go.mod h1:Co6ibVJAznAaIkqp8huTwlJQCZ016jof/cbN4VW5Y=
gopkg.in/yaml.v3 v3.0.0-20200313102051-9f266ea9e77c/go.mod h1:K4uyk7z7BCEPqu6E+C64Yfv1cQ7kz7rIZviUmN+EgEM=
gopkg.in/yaml.v3 v3.0.1 h1:fxVm/GzAzEWqLHuvctI91KS9hhNmmWOoWu0XTYJSNo=
gopkg.in/yaml.v3 v3.0.1/go.mod h1:K4uyk7z7BCEPqu6E+C64Yfv1cQ7kz7rIZviUmN+EgEM=
